// !$*UTF8*$!
{
	archiveVersion = 1;
	classes = {
	};
	objectVersion = 56;
	objects = {

/* Begin PBXBuildFile section */
		412022592BEFFBC10080E253 /* AppDelegate.swift in Sources */ = {isa = PBXBuildFile; fileRef = 412022582BEFFBC10080E253 /* AppDelegate.swift */; };
		4120225B2BEFFBC10080E253 /* SceneDelegate.swift in Sources */ = {isa = PBXBuildFile; fileRef = 4120225A2BEFFBC10080E253 /* SceneDelegate.swift */; };
		4120225D2BEFFBC10080E253 /* HomeViewController.swift in Sources */ = {isa = PBXBuildFile; fileRef = 4120225C2BEFFBC10080E253 /* HomeViewController.swift */; };
		412022622BEFFBC10080E253 /* Assets.xcassets in Resources */ = {isa = PBXBuildFile; fileRef = 412022612BEFFBC10080E253 /* Assets.xcassets */; };
		412022652BEFFBC10080E253 /* LaunchScreen.storyboard in Resources */ = {isa = PBXBuildFile; fileRef = 412022632BEFFBC10080E253 /* LaunchScreen.storyboard */; };
		4120226F2BF005710080E253 /* AllCountriesViewController.swift in Sources */ = {isa = PBXBuildFile; fileRef = 4120226E2BF005710080E253 /* AllCountriesViewController.swift */; };
		412022712BF0057D0080E253 /* AllCountriesPresenter.swift in Sources */ = {isa = PBXBuildFile; fileRef = 412022702BF0057D0080E253 /* AllCountriesPresenter.swift */; };
		412022732BF0058A0080E253 /* AllCountriesService.swift in Sources */ = {isa = PBXBuildFile; fileRef = 412022722BF0058A0080E253 /* AllCountriesService.swift */; };
		412022752BF005940080E253 /* CountriesModel.swift in Sources */ = {isa = PBXBuildFile; fileRef = 412022742BF005940080E253 /* CountriesModel.swift */; };
		412022792BF0069E0080E253 /* HomeView + Actions.swift in Sources */ = {isa = PBXBuildFile; fileRef = 412022782BF0069E0080E253 /* HomeView + Actions.swift */; };
		4120227B2BF008680080E253 /* AllCountriesProtocols.swift in Sources */ = {isa = PBXBuildFile; fileRef = 4120227A2BF008680080E253 /* AllCountriesProtocols.swift */; };
		4120227E2BF009970080E253 /* RemoteManager.swift in Sources */ = {isa = PBXBuildFile; fileRef = 4120227D2BF009970080E253 /* RemoteManager.swift */; };
		412022812BF00E1C0080E253 /* AllCountriesViewController + UICollectionProtocols.swift in Sources */ = {isa = PBXBuildFile; fileRef = 412022802BF00E1C0080E253 /* AllCountriesViewController + UICollectionProtocols.swift */; };
		412022832BF01CF00080E253 /* CountryCollectionViewCell.swift in Sources */ = {isa = PBXBuildFile; fileRef = 412022822BF01CF00080E253 /* CountryCollectionViewCell.swift */; };
		412022862BF052760080E253 /* CountryDetailViewController.swift in Sources */ = {isa = PBXBuildFile; fileRef = 412022852BF052760080E253 /* CountryDetailViewController.swift */; };
		412022882BF0528B0080E253 /* CountryDetailProtocols.swift in Sources */ = {isa = PBXBuildFile; fileRef = 412022872BF0528B0080E253 /* CountryDetailProtocols.swift */; };
		4120228A2BF052EE0080E253 /* CountryDetailPresenter.swift in Sources */ = {isa = PBXBuildFile; fileRef = 412022892BF052EE0080E253 /* CountryDetailPresenter.swift */; };
		4120228C2BF052F60080E253 /* CountryDetailService.swift in Sources */ = {isa = PBXBuildFile; fileRef = 4120228B2BF052F60080E253 /* CountryDetailService.swift */; };
		412022912BF05FC30080E253 /* CountryDetailModel.swift in Sources */ = {isa = PBXBuildFile; fileRef = 412022902BF05FC30080E253 /* CountryDetailModel.swift */; };
		412022952BF06B640080E253 /* CountryFlagViewController.swift in Sources */ = {isa = PBXBuildFile; fileRef = 412022942BF06B640080E253 /* CountryFlagViewController.swift */; };
		412022982BF06F260080E253 /* SearchCountryViewController.swift in Sources */ = {isa = PBXBuildFile; fileRef = 412022972BF06F260080E253 /* SearchCountryViewController.swift */; };
		4120229A2BF071C40080E253 /* SearchCountryPresenter.swift in Sources */ = {isa = PBXBuildFile; fileRef = 412022992BF071C40080E253 /* SearchCountryPresenter.swift */; };
		4120229C2BF071D60080E253 /* SearchCountryProtocols.swift in Sources */ = {isa = PBXBuildFile; fileRef = 4120229B2BF071D60080E253 /* SearchCountryProtocols.swift */; };
		4120229E2BF074DB0080E253 /* SearchCountryService.swift in Sources */ = {isa = PBXBuildFile; fileRef = 4120229D2BF074DB0080E253 /* SearchCountryService.swift */; };
		412022A12BF076650080E253 /* LocalManager.swift in Sources */ = {isa = PBXBuildFile; fileRef = 412022A02BF076650080E253 /* LocalManager.swift */; };
		412022A52BF07B990080E253 /* CountryNotFoundViewController.swift in Sources */ = {isa = PBXBuildFile; fileRef = 412022A42BF07B990080E253 /* CountryNotFoundViewController.swift */; };
		412022A82BF0827A0080E253 /* SearchCountryViewController + UITableView.swift in Sources */ = {isa = PBXBuildFile; fileRef = 412022A72BF0827A0080E253 /* SearchCountryViewController + UITableView.swift */; };
		412022AA2BF0829F0080E253 /* SearchCountryViewController + TextField.swift in Sources */ = {isa = PBXBuildFile; fileRef = 412022A92BF0829F0080E253 /* SearchCountryViewController + TextField.swift */; };
		412022AC2BF082BA0080E253 /* SearchCountryViewController + Actions.swift in Sources */ = {isa = PBXBuildFile; fileRef = 412022AB2BF082BA0080E253 /* SearchCountryViewController + Actions.swift */; };
		412022AF2BF082ED0080E253 /* CountryDetail + Actions.swift in Sources */ = {isa = PBXBuildFile; fileRef = 412022AE2BF082ED0080E253 /* CountryDetail + Actions.swift */; };
		9717389879D9AEDC2F14FB2A /* Pods_weecompany_exam.framework in Frameworks */ = {isa = PBXBuildFile; fileRef = 6B14069063620A3F3F099300 /* Pods_weecompany_exam.framework */; };
/* End PBXBuildFile section */

/* Begin PBXFileReference section */
		412022552BEFFBC10080E253 /* weecompany-exam.app */ = {isa = PBXFileReference; explicitFileType = wrapper.application; includeInIndex = 0; path = "weecompany-exam.app"; sourceTree = BUILT_PRODUCTS_DIR; };
		412022582BEFFBC10080E253 /* AppDelegate.swift */ = {isa = PBXFileReference; lastKnownFileType = sourcecode.swift; path = AppDelegate.swift; sourceTree = "<group>"; };
		4120225A2BEFFBC10080E253 /* SceneDelegate.swift */ = {isa = PBXFileReference; lastKnownFileType = sourcecode.swift; path = SceneDelegate.swift; sourceTree = "<group>"; };
		4120225C2BEFFBC10080E253 /* HomeViewController.swift */ = {isa = PBXFileReference; lastKnownFileType = sourcecode.swift; path = HomeViewController.swift; sourceTree = "<group>"; };
		412022612BEFFBC10080E253 /* Assets.xcassets */ = {isa = PBXFileReference; lastKnownFileType = folder.assetcatalog; path = Assets.xcassets; sourceTree = "<group>"; };
		412022642BEFFBC10080E253 /* Base */ = {isa = PBXFileReference; lastKnownFileType = file.storyboard; name = Base; path = Base.lproj/LaunchScreen.storyboard; sourceTree = "<group>"; };
		412022662BEFFBC10080E253 /* Info.plist */ = {isa = PBXFileReference; lastKnownFileType = text.plist.xml; path = Info.plist; sourceTree = "<group>"; };
		4120226E2BF005710080E253 /* AllCountriesViewController.swift */ = {isa = PBXFileReference; lastKnownFileType = sourcecode.swift; path = AllCountriesViewController.swift; sourceTree = "<group>"; };
		412022702BF0057D0080E253 /* AllCountriesPresenter.swift */ = {isa = PBXFileReference; lastKnownFileType = sourcecode.swift; path = AllCountriesPresenter.swift; sourceTree = "<group>"; };
		412022722BF0058A0080E253 /* AllCountriesService.swift */ = {isa = PBXFileReference; lastKnownFileType = sourcecode.swift; path = AllCountriesService.swift; sourceTree = "<group>"; };
		412022742BF005940080E253 /* CountriesModel.swift */ = {isa = PBXFileReference; lastKnownFileType = sourcecode.swift; path = CountriesModel.swift; sourceTree = "<group>"; };
		412022782BF0069E0080E253 /* HomeView + Actions.swift */ = {isa = PBXFileReference; lastKnownFileType = sourcecode.swift; path = "HomeView + Actions.swift"; sourceTree = "<group>"; };
		4120227A2BF008680080E253 /* AllCountriesProtocols.swift */ = {isa = PBXFileReference; lastKnownFileType = sourcecode.swift; path = AllCountriesProtocols.swift; sourceTree = "<group>"; };
		4120227D2BF009970080E253 /* RemoteManager.swift */ = {isa = PBXFileReference; lastKnownFileType = sourcecode.swift; path = RemoteManager.swift; sourceTree = "<group>"; };
		412022802BF00E1C0080E253 /* AllCountriesViewController + UICollectionProtocols.swift */ = {isa = PBXFileReference; lastKnownFileType = sourcecode.swift; path = "AllCountriesViewController + UICollectionProtocols.swift"; sourceTree = "<group>"; };
		412022822BF01CF00080E253 /* CountryCollectionViewCell.swift */ = {isa = PBXFileReference; lastKnownFileType = sourcecode.swift; path = CountryCollectionViewCell.swift; sourceTree = "<group>"; };
		412022852BF052760080E253 /* CountryDetailViewController.swift */ = {isa = PBXFileReference; lastKnownFileType = sourcecode.swift; path = CountryDetailViewController.swift; sourceTree = "<group>"; };
		412022872BF0528B0080E253 /* CountryDetailProtocols.swift */ = {isa = PBXFileReference; lastKnownFileType = sourcecode.swift; path = CountryDetailProtocols.swift; sourceTree = "<group>"; };
		412022892BF052EE0080E253 /* CountryDetailPresenter.swift */ = {isa = PBXFileReference; lastKnownFileType = sourcecode.swift; path = CountryDetailPresenter.swift; sourceTree = "<group>"; };
		4120228B2BF052F60080E253 /* CountryDetailService.swift */ = {isa = PBXFileReference; lastKnownFileType = sourcecode.swift; path = CountryDetailService.swift; sourceTree = "<group>"; };
		412022902BF05FC30080E253 /* CountryDetailModel.swift */ = {isa = PBXFileReference; lastKnownFileType = sourcecode.swift; path = CountryDetailModel.swift; sourceTree = "<group>"; };
		412022942BF06B640080E253 /* CountryFlagViewController.swift */ = {isa = PBXFileReference; lastKnownFileType = sourcecode.swift; path = CountryFlagViewController.swift; sourceTree = "<group>"; };
		412022972BF06F260080E253 /* SearchCountryViewController.swift */ = {isa = PBXFileReference; lastKnownFileType = sourcecode.swift; path = SearchCountryViewController.swift; sourceTree = "<group>"; };
		412022992BF071C40080E253 /* SearchCountryPresenter.swift */ = {isa = PBXFileReference; lastKnownFileType = sourcecode.swift; path = SearchCountryPresenter.swift; sourceTree = "<group>"; };
		4120229B2BF071D60080E253 /* SearchCountryProtocols.swift */ = {isa = PBXFileReference; lastKnownFileType = sourcecode.swift; path = SearchCountryProtocols.swift; sourceTree = "<group>"; };
		4120229D2BF074DB0080E253 /* SearchCountryService.swift */ = {isa = PBXFileReference; lastKnownFileType = sourcecode.swift; path = SearchCountryService.swift; sourceTree = "<group>"; };
		412022A02BF076650080E253 /* LocalManager.swift */ = {isa = PBXFileReference; lastKnownFileType = sourcecode.swift; path = LocalManager.swift; sourceTree = "<group>"; };
		412022A42BF07B990080E253 /* CountryNotFoundViewController.swift */ = {isa = PBXFileReference; lastKnownFileType = sourcecode.swift; path = CountryNotFoundViewController.swift; sourceTree = "<group>"; };
		412022A72BF0827A0080E253 /* SearchCountryViewController + UITableView.swift */ = {isa = PBXFileReference; lastKnownFileType = sourcecode.swift; path = "SearchCountryViewController + UITableView.swift"; sourceTree = "<group>"; };
		412022A92BF0829F0080E253 /* SearchCountryViewController + TextField.swift */ = {isa = PBXFileReference; lastKnownFileType = sourcecode.swift; path = "SearchCountryViewController + TextField.swift"; sourceTree = "<group>"; };
		412022AB2BF082BA0080E253 /* SearchCountryViewController + Actions.swift */ = {isa = PBXFileReference; lastKnownFileType = sourcecode.swift; path = "SearchCountryViewController + Actions.swift"; sourceTree = "<group>"; };
		412022AE2BF082ED0080E253 /* CountryDetail + Actions.swift */ = {isa = PBXFileReference; lastKnownFileType = sourcecode.swift; path = "CountryDetail + Actions.swift"; sourceTree = "<group>"; };
		4FB682EFD99972370A54E9E2 /* Pods-weecompany-exam.debug.xcconfig */ = {isa = PBXFileReference; includeInIndex = 1; lastKnownFileType = text.xcconfig; name = "Pods-weecompany-exam.debug.xcconfig"; path = "Target Support Files/Pods-weecompany-exam/Pods-weecompany-exam.debug.xcconfig"; sourceTree = "<group>"; };
		6B14069063620A3F3F099300 /* Pods_weecompany_exam.framework */ = {isa = PBXFileReference; explicitFileType = wrapper.framework; includeInIndex = 0; path = Pods_weecompany_exam.framework; sourceTree = BUILT_PRODUCTS_DIR; };
		C0983A594B4D04720CF82A27 /* Pods-weecompany-exam.release.xcconfig */ = {isa = PBXFileReference; includeInIndex = 1; lastKnownFileType = text.xcconfig; name = "Pods-weecompany-exam.release.xcconfig"; path = "Target Support Files/Pods-weecompany-exam/Pods-weecompany-exam.release.xcconfig"; sourceTree = "<group>"; };
/* End PBXFileReference section */

/* Begin PBXFrameworksBuildPhase section */
		412022522BEFFBC10080E253 /* Frameworks */ = {
			isa = PBXFrameworksBuildPhase;
			buildActionMask = 2147483647;
			files = (
				9717389879D9AEDC2F14FB2A /* Pods_weecompany_exam.framework in Frameworks */,
			);
			runOnlyForDeploymentPostprocessing = 0;
		};
/* End PBXFrameworksBuildPhase section */

/* Begin PBXGroup section */
		4120224C2BEFFBC10080E253 = {
			isa = PBXGroup;
			children = (
				412022572BEFFBC10080E253 /* weecompany-exam */,
				412022562BEFFBC10080E253 /* Products */,
				C528BA1952C533F47AD5AE6E /* Pods */,
				5EDBA3D62FE83A8DCB7D8A18 /* Frameworks */,
			);
			sourceTree = "<group>";
		};
		412022562BEFFBC10080E253 /* Products */ = {
			isa = PBXGroup;
			children = (
				412022552BEFFBC10080E253 /* weecompany-exam.app */,
			);
			name = Products;
			sourceTree = "<group>";
		};
		412022572BEFFBC10080E253 /* weecompany-exam */ = {
			isa = PBXGroup;
			children = (
				412022922BF060490080E253 /* Models */,
				412022B02BF083190080E253 /* Library */,
				4120229F2BF0765B0080E253 /* LocalManager */,
				4120227C2BF0098C0080E253 /* RemoteManager */,
				4120226D2BF004DA0080E253 /* Modules */,
				412022612BEFFBC10080E253 /* Assets.xcassets */,
				412022632BEFFBC10080E253 /* LaunchScreen.storyboard */,
				412022662BEFFBC10080E253 /* Info.plist */,
			);
			path = "weecompany-exam";
			sourceTree = "<group>";
		};
		4120226C2BF004D00080E253 /* AllCountries */ = {
			isa = PBXGroup;
			children = (
				4120227F2BF00E050080E253 /* Extensions */,
				412022762BF005980080E253 /* AllCountriesViewCell */,
				4120226E2BF005710080E253 /* AllCountriesViewController.swift */,
				412022702BF0057D0080E253 /* AllCountriesPresenter.swift */,
				412022722BF0058A0080E253 /* AllCountriesService.swift */,
				4120227A2BF008680080E253 /* AllCountriesProtocols.swift */,
			);
			path = AllCountries;
			sourceTree = "<group>";
		};
		4120226D2BF004DA0080E253 /* Modules */ = {
			isa = PBXGroup;
			children = (
				412022A22BF07B6D0080E253 /* PopUps */,
				412022962BF06F140080E253 /* SearchCountry */,
				412022842BF052610080E253 /* CountryDetail */,
				412022772BF006250080E253 /* Home */,
				4120226C2BF004D00080E253 /* AllCountries */,
			);
			name = Modules;
			sourceTree = "<group>";
		};
		412022762BF005980080E253 /* AllCountriesViewCell */ = {
			isa = PBXGroup;
			children = (
				412022822BF01CF00080E253 /* CountryCollectionViewCell.swift */,
			);
			path = AllCountriesViewCell;
			sourceTree = "<group>";
		};
		412022772BF006250080E253 /* Home */ = {
			isa = PBXGroup;
			children = (
				4120225C2BEFFBC10080E253 /* HomeViewController.swift */,
				412022782BF0069E0080E253 /* HomeView + Actions.swift */,
			);
			path = Home;
			sourceTree = "<group>";
		};
		4120227C2BF0098C0080E253 /* RemoteManager */ = {
			isa = PBXGroup;
			children = (
				4120227D2BF009970080E253 /* RemoteManager.swift */,
			);
			name = RemoteManager;
			sourceTree = "<group>";
		};
		4120227F2BF00E050080E253 /* Extensions */ = {
			isa = PBXGroup;
			children = (
				412022802BF00E1C0080E253 /* AllCountriesViewController + UICollectionProtocols.swift */,
			);
			path = Extensions;
			sourceTree = "<group>";
		};
		412022842BF052610080E253 /* CountryDetail */ = {
			isa = PBXGroup;
			children = (
				412022AD2BF082DA0080E253 /* Extensions */,
				412022872BF0528B0080E253 /* CountryDetailProtocols.swift */,
				412022852BF052760080E253 /* CountryDetailViewController.swift */,
				412022892BF052EE0080E253 /* CountryDetailPresenter.swift */,
				4120228B2BF052F60080E253 /* CountryDetailService.swift */,
				412022902BF05FC30080E253 /* CountryDetailModel.swift */,
			);
			path = CountryDetail;
			sourceTree = "<group>";
		};
		412022922BF060490080E253 /* Models */ = {
			isa = PBXGroup;
			children = (
				412022742BF005940080E253 /* CountriesModel.swift */,
			);
			path = Models;
			sourceTree = "<group>";
		};
		412022932BF06B4C0080E253 /* CountryFlag */ = {
			isa = PBXGroup;
			children = (
				412022942BF06B640080E253 /* CountryFlagViewController.swift */,
			);
			path = CountryFlag;
			sourceTree = "<group>";
		};
		412022962BF06F140080E253 /* SearchCountry */ = {
			isa = PBXGroup;
			children = (
				412022A62BF082660080E253 /* Extensions */,
				412022972BF06F260080E253 /* SearchCountryViewController.swift */,
				412022992BF071C40080E253 /* SearchCountryPresenter.swift */,
				4120229B2BF071D60080E253 /* SearchCountryProtocols.swift */,
				4120229D2BF074DB0080E253 /* SearchCountryService.swift */,
			);
			path = SearchCountry;
			sourceTree = "<group>";
		};
		4120229F2BF0765B0080E253 /* LocalManager */ = {
			isa = PBXGroup;
			children = (
				412022A02BF076650080E253 /* LocalManager.swift */,
			);
			name = LocalManager;
			sourceTree = "<group>";
		};
		412022A22BF07B6D0080E253 /* PopUps */ = {
			isa = PBXGroup;
			children = (
				412022A32BF07B790080E253 /* CountryNotFound */,
				412022932BF06B4C0080E253 /* CountryFlag */,
			);
			path = PopUps;
			sourceTree = "<group>";
		};
		412022A32BF07B790080E253 /* CountryNotFound */ = {
			isa = PBXGroup;
			children = (
				412022A42BF07B990080E253 /* CountryNotFoundViewController.swift */,
			);
			path = CountryNotFound;
			sourceTree = "<group>";
		};
		412022A62BF082660080E253 /* Extensions */ = {
			isa = PBXGroup;
			children = (
				412022A72BF0827A0080E253 /* SearchCountryViewController + UITableView.swift */,
				412022A92BF0829F0080E253 /* SearchCountryViewController + TextField.swift */,
				412022AB2BF082BA0080E253 /* SearchCountryViewController + Actions.swift */,
			);
			path = Extensions;
			sourceTree = "<group>";
		};
		412022AD2BF082DA0080E253 /* Extensions */ = {
			isa = PBXGroup;
			children = (
				412022AE2BF082ED0080E253 /* CountryDetail + Actions.swift */,
			);
			path = Extensions;
			sourceTree = "<group>";
		};
		412022B02BF083190080E253 /* Library */ = {
			isa = PBXGroup;
			children = (
				412022582BEFFBC10080E253 /* AppDelegate.swift */,
				4120225A2BEFFBC10080E253 /* SceneDelegate.swift */,
			);
			name = Library;
			sourceTree = "<group>";
		};
		5EDBA3D62FE83A8DCB7D8A18 /* Frameworks */ = {
			isa = PBXGroup;
			children = (
				6B14069063620A3F3F099300 /* Pods_weecompany_exam.framework */,
			);
			name = Frameworks;
			sourceTree = "<group>";
		};
		C528BA1952C533F47AD5AE6E /* Pods */ = {
			isa = PBXGroup;
			children = (
				4FB682EFD99972370A54E9E2 /* Pods-weecompany-exam.debug.xcconfig */,
				C0983A594B4D04720CF82A27 /* Pods-weecompany-exam.release.xcconfig */,
			);
			path = Pods;
			sourceTree = "<group>";
		};
/* End PBXGroup section */

/* Begin PBXNativeTarget section */
		412022542BEFFBC10080E253 /* weecompany-exam */ = {
			isa = PBXNativeTarget;
			buildConfigurationList = 412022692BEFFBC10080E253 /* Build configuration list for PBXNativeTarget "weecompany-exam" */;
			buildPhases = (
				EABD848E07ABA73324265BC5 /* [CP] Check Pods Manifest.lock */,
				412022512BEFFBC10080E253 /* Sources */,
				412022522BEFFBC10080E253 /* Frameworks */,
				412022532BEFFBC10080E253 /* Resources */,
				AD1BB8C880A870FE46385D07 /* [CP] Embed Pods Frameworks */,
			);
			buildRules = (
			);
			dependencies = (
			);
			name = "weecompany-exam";
			productName = "weecompany-exam";
			productReference = 412022552BEFFBC10080E253 /* weecompany-exam.app */;
			productType = "com.apple.product-type.application";
		};
/* End PBXNativeTarget section */

/* Begin PBXProject section */
		4120224D2BEFFBC10080E253 /* Project object */ = {
			isa = PBXProject;
			attributes = {
				BuildIndependentTargetsInParallel = 1;
				LastSwiftUpdateCheck = 1510;
				LastUpgradeCheck = 1510;
				TargetAttributes = {
					412022542BEFFBC10080E253 = {
						CreatedOnToolsVersion = 15.1;
					};
				};
			};
			buildConfigurationList = 412022502BEFFBC10080E253 /* Build configuration list for PBXProject "weecompany-exam" */;
			compatibilityVersion = "Xcode 14.0";
			developmentRegion = en;
			hasScannedForEncodings = 0;
			knownRegions = (
				en,
				Base,
			);
			mainGroup = 4120224C2BEFFBC10080E253;
			productRefGroup = 412022562BEFFBC10080E253 /* Products */;
			projectDirPath = "";
			projectRoot = "";
			targets = (
				412022542BEFFBC10080E253 /* weecompany-exam */,
			);
		};
/* End PBXProject section */

/* Begin PBXResourcesBuildPhase section */
		412022532BEFFBC10080E253 /* Resources */ = {
			isa = PBXResourcesBuildPhase;
			buildActionMask = 2147483647;
			files = (
				412022652BEFFBC10080E253 /* LaunchScreen.storyboard in Resources */,
				412022622BEFFBC10080E253 /* Assets.xcassets in Resources */,
			);
			runOnlyForDeploymentPostprocessing = 0;
		};
/* End PBXResourcesBuildPhase section */

/* Begin PBXShellScriptBuildPhase section */
		AD1BB8C880A870FE46385D07 /* [CP] Embed Pods Frameworks */ = {
			isa = PBXShellScriptBuildPhase;
			buildActionMask = 2147483647;
			files = (
			);
			inputFileListPaths = (
				"${PODS_ROOT}/Target Support Files/Pods-weecompany-exam/Pods-weecompany-exam-frameworks-${CONFIGURATION}-input-files.xcfilelist",
			);
			name = "[CP] Embed Pods Frameworks";
			outputFileListPaths = (
				"${PODS_ROOT}/Target Support Files/Pods-weecompany-exam/Pods-weecompany-exam-frameworks-${CONFIGURATION}-output-files.xcfilelist",
			);
			runOnlyForDeploymentPostprocessing = 0;
			shellPath = /bin/sh;
			shellScript = "\"${PODS_ROOT}/Target Support Files/Pods-weecompany-exam/Pods-weecompany-exam-frameworks.sh\"\n";
			showEnvVarsInLog = 0;
		};
		EABD848E07ABA73324265BC5 /* [CP] Check Pods Manifest.lock */ = {
			isa = PBXShellScriptBuildPhase;
			buildActionMask = 2147483647;
			files = (
			);
			inputFileListPaths = (
			);
			inputPaths = (
				"${PODS_PODFILE_DIR_PATH}/Podfile.lock",
				"${PODS_ROOT}/Manifest.lock",
			);
			name = "[CP] Check Pods Manifest.lock";
			outputFileListPaths = (
			);
			outputPaths = (
				"$(DERIVED_FILE_DIR)/Pods-weecompany-exam-checkManifestLockResult.txt",
			);
			runOnlyForDeploymentPostprocessing = 0;
			shellPath = /bin/sh;
			shellScript = "diff \"${PODS_PODFILE_DIR_PATH}/Podfile.lock\" \"${PODS_ROOT}/Manifest.lock\" > /dev/null\nif [ $? != 0 ] ; then\n    # print error to STDERR\n    echo \"error: The sandbox is not in sync with the Podfile.lock. Run 'pod install' or update your CocoaPods installation.\" >&2\n    exit 1\nfi\n# This output is used by Xcode 'outputs' to avoid re-running this script phase.\necho \"SUCCESS\" > \"${SCRIPT_OUTPUT_FILE_0}\"\n";
			showEnvVarsInLog = 0;
		};
/* End PBXShellScriptBuildPhase section */

/* Begin PBXSourcesBuildPhase section */
		412022512BEFFBC10080E253 /* Sources */ = {
			isa = PBXSourcesBuildPhase;
			buildActionMask = 2147483647;
			files = (
				412022732BF0058A0080E253 /* AllCountriesService.swift in Sources */,
				412022832BF01CF00080E253 /* CountryCollectionViewCell.swift in Sources */,
				4120225D2BEFFBC10080E253 /* HomeViewController.swift in Sources */,
				412022A82BF0827A0080E253 /* SearchCountryViewController + UITableView.swift in Sources */,
				4120229C2BF071D60080E253 /* SearchCountryProtocols.swift in Sources */,
				412022952BF06B640080E253 /* CountryFlagViewController.swift in Sources */,
				412022AC2BF082BA0080E253 /* SearchCountryViewController + Actions.swift in Sources */,
				412022AF2BF082ED0080E253 /* CountryDetail + Actions.swift in Sources */,
				412022882BF0528B0080E253 /* CountryDetailProtocols.swift in Sources */,
				412022A52BF07B990080E253 /* CountryNotFoundViewController.swift in Sources */,
				4120229A2BF071C40080E253 /* SearchCountryPresenter.swift in Sources */,
				412022912BF05FC30080E253 /* CountryDetailModel.swift in Sources */,
				412022752BF005940080E253 /* CountriesModel.swift in Sources */,
				412022AA2BF0829F0080E253 /* SearchCountryViewController + TextField.swift in Sources */,
				412022792BF0069E0080E253 /* HomeView + Actions.swift in Sources */,
				412022812BF00E1C0080E253 /* AllCountriesViewController + UICollectionProtocols.swift in Sources */,
				412022712BF0057D0080E253 /* AllCountriesPresenter.swift in Sources */,
				4120227E2BF009970080E253 /* RemoteManager.swift in Sources */,
				412022862BF052760080E253 /* CountryDetailViewController.swift in Sources */,
				412022A12BF076650080E253 /* LocalManager.swift in Sources */,
				412022592BEFFBC10080E253 /* AppDelegate.swift in Sources */,
				4120226F2BF005710080E253 /* AllCountriesViewController.swift in Sources */,
				4120229E2BF074DB0080E253 /* SearchCountryService.swift in Sources */,
				4120225B2BEFFBC10080E253 /* SceneDelegate.swift in Sources */,
				412022982BF06F260080E253 /* SearchCountryViewController.swift in Sources */,
				4120228C2BF052F60080E253 /* CountryDetailService.swift in Sources */,
				4120228A2BF052EE0080E253 /* CountryDetailPresenter.swift in Sources */,
				4120227B2BF008680080E253 /* AllCountriesProtocols.swift in Sources */,
			);
			runOnlyForDeploymentPostprocessing = 0;
		};
/* End PBXSourcesBuildPhase section */

/* Begin PBXVariantGroup section */
		412022632BEFFBC10080E253 /* LaunchScreen.storyboard */ = {
			isa = PBXVariantGroup;
			children = (
				412022642BEFFBC10080E253 /* Base */,
			);
			name = LaunchScreen.storyboard;
			sourceTree = "<group>";
		};
/* End PBXVariantGroup section */

/* Begin XCBuildConfiguration section */
		412022672BEFFBC10080E253 /* Debug */ = {
			isa = XCBuildConfiguration;
			buildSettings = {
				ALWAYS_SEARCH_USER_PATHS = NO;
				ASSETCATALOG_COMPILER_GENERATE_SWIFT_ASSET_SYMBOL_EXTENSIONS = YES;
				CLANG_ANALYZER_NONNULL = YES;
				CLANG_ANALYZER_NUMBER_OBJECT_CONVERSION = YES_AGGRESSIVE;
				CLANG_CXX_LANGUAGE_STANDARD = "gnu++20";
				CLANG_ENABLE_MODULES = YES;
				CLANG_ENABLE_OBJC_ARC = YES;
				CLANG_ENABLE_OBJC_WEAK = YES;
				CLANG_WARN_BLOCK_CAPTURE_AUTORELEASING = YES;
				CLANG_WARN_BOOL_CONVERSION = YES;
				CLANG_WARN_COMMA = YES;
				CLANG_WARN_CONSTANT_CONVERSION = YES;
				CLANG_WARN_DEPRECATED_OBJC_IMPLEMENTATIONS = YES;
				CLANG_WARN_DIRECT_OBJC_ISA_USAGE = YES_ERROR;
				CLANG_WARN_DOCUMENTATION_COMMENTS = YES;
				CLANG_WARN_EMPTY_BODY = YES;
				CLANG_WARN_ENUM_CONVERSION = YES;
				CLANG_WARN_INFINITE_RECURSION = YES;
				CLANG_WARN_INT_CONVERSION = YES;
				CLANG_WARN_NON_LITERAL_NULL_CONVERSION = YES;
				CLANG_WARN_OBJC_IMPLICIT_RETAIN_SELF = YES;
				CLANG_WARN_OBJC_LITERAL_CONVERSION = YES;
				CLANG_WARN_OBJC_ROOT_CLASS = YES_ERROR;
				CLANG_WARN_QUOTED_INCLUDE_IN_FRAMEWORK_HEADER = YES;
				CLANG_WARN_RANGE_LOOP_ANALYSIS = YES;
				CLANG_WARN_STRICT_PROTOTYPES = YES;
				CLANG_WARN_SUSPICIOUS_MOVE = YES;
				CLANG_WARN_UNGUARDED_AVAILABILITY = YES_AGGRESSIVE;
				CLANG_WARN_UNREACHABLE_CODE = YES;
				CLANG_WARN__DUPLICATE_METHOD_MATCH = YES;
				COPY_PHASE_STRIP = NO;
				DEBUG_INFORMATION_FORMAT = dwarf;
				ENABLE_STRICT_OBJC_MSGSEND = YES;
				ENABLE_TESTABILITY = YES;
				ENABLE_USER_SCRIPT_SANDBOXING = NO;
				GCC_C_LANGUAGE_STANDARD = gnu17;
				GCC_DYNAMIC_NO_PIC = NO;
				GCC_NO_COMMON_BLOCKS = YES;
				GCC_OPTIMIZATION_LEVEL = 0;
				GCC_PREPROCESSOR_DEFINITIONS = (
					"DEBUG=1",
					"$(inherited)",
				);
				GCC_WARN_64_TO_32_BIT_CONVERSION = YES;
				GCC_WARN_ABOUT_RETURN_TYPE = YES_ERROR;
				GCC_WARN_UNDECLARED_SELECTOR = YES;
				GCC_WARN_UNINITIALIZED_AUTOS = YES_AGGRESSIVE;
				GCC_WARN_UNUSED_FUNCTION = YES;
				GCC_WARN_UNUSED_VARIABLE = YES;
				IPHONEOS_DEPLOYMENT_TARGET = 17.2;
				LOCALIZATION_PREFERS_STRING_CATALOGS = YES;
				MTL_ENABLE_DEBUG_INFO = INCLUDE_SOURCE;
				MTL_FAST_MATH = YES;
				ONLY_ACTIVE_ARCH = YES;
				SDKROOT = iphoneos;
				SWIFT_ACTIVE_COMPILATION_CONDITIONS = "DEBUG $(inherited)";
				SWIFT_OPTIMIZATION_LEVEL = "-Onone";
			};
			name = Debug;
		};
		412022682BEFFBC10080E253 /* Release */ = {
			isa = XCBuildConfiguration;
			buildSettings = {
				ALWAYS_SEARCH_USER_PATHS = NO;
				ASSETCATALOG_COMPILER_GENERATE_SWIFT_ASSET_SYMBOL_EXTENSIONS = YES;
				CLANG_ANALYZER_NONNULL = YES;
				CLANG_ANALYZER_NUMBER_OBJECT_CONVERSION = YES_AGGRESSIVE;
				CLANG_CXX_LANGUAGE_STANDARD = "gnu++20";
				CLANG_ENABLE_MODULES = YES;
				CLANG_ENABLE_OBJC_ARC = YES;
				CLANG_ENABLE_OBJC_WEAK = YES;
				CLANG_WARN_BLOCK_CAPTURE_AUTORELEASING = YES;
				CLANG_WARN_BOOL_CONVERSION = YES;
				CLANG_WARN_COMMA = YES;
				CLANG_WARN_CONSTANT_CONVERSION = YES;
				CLANG_WARN_DEPRECATED_OBJC_IMPLEMENTATIONS = YES;
				CLANG_WARN_DIRECT_OBJC_ISA_USAGE = YES_ERROR;
				CLANG_WARN_DOCUMENTATION_COMMENTS = YES;
				CLANG_WARN_EMPTY_BODY = YES;
				CLANG_WARN_ENUM_CONVERSION = YES;
				CLANG_WARN_INFINITE_RECURSION = YES;
				CLANG_WARN_INT_CONVERSION = YES;
				CLANG_WARN_NON_LITERAL_NULL_CONVERSION = YES;
				CLANG_WARN_OBJC_IMPLICIT_RETAIN_SELF = YES;
				CLANG_WARN_OBJC_LITERAL_CONVERSION = YES;
				CLANG_WARN_OBJC_ROOT_CLASS = YES_ERROR;
				CLANG_WARN_QUOTED_INCLUDE_IN_FRAMEWORK_HEADER = YES;
				CLANG_WARN_RANGE_LOOP_ANALYSIS = YES;
				CLANG_WARN_STRICT_PROTOTYPES = YES;
				CLANG_WARN_SUSPICIOUS_MOVE = YES;
				CLANG_WARN_UNGUARDED_AVAILABILITY = YES_AGGRESSIVE;
				CLANG_WARN_UNREACHABLE_CODE = YES;
				CLANG_WARN__DUPLICATE_METHOD_MATCH = YES;
				COPY_PHASE_STRIP = NO;
				DEBUG_INFORMATION_FORMAT = "dwarf-with-dsym";
				ENABLE_NS_ASSERTIONS = NO;
				ENABLE_STRICT_OBJC_MSGSEND = YES;
				ENABLE_USER_SCRIPT_SANDBOXING = NO;
				GCC_C_LANGUAGE_STANDARD = gnu17;
				GCC_NO_COMMON_BLOCKS = YES;
				GCC_WARN_64_TO_32_BIT_CONVERSION = YES;
				GCC_WARN_ABOUT_RETURN_TYPE = YES_ERROR;
				GCC_WARN_UNDECLARED_SELECTOR = YES;
				GCC_WARN_UNINITIALIZED_AUTOS = YES_AGGRESSIVE;
				GCC_WARN_UNUSED_FUNCTION = YES;
				GCC_WARN_UNUSED_VARIABLE = YES;
				IPHONEOS_DEPLOYMENT_TARGET = 17.2;
				LOCALIZATION_PREFERS_STRING_CATALOGS = YES;
				MTL_ENABLE_DEBUG_INFO = NO;
				MTL_FAST_MATH = YES;
				SDKROOT = iphoneos;
				SWIFT_COMPILATION_MODE = wholemodule;
				VALIDATE_PRODUCT = YES;
			};
			name = Release;
		};
		4120226A2BEFFBC10080E253 /* Debug */ = {
			isa = XCBuildConfiguration;
			baseConfigurationReference = 4FB682EFD99972370A54E9E2 /* Pods-weecompany-exam.debug.xcconfig */;
			buildSettings = {
				ASSETCATALOG_COMPILER_APPICON_NAME = AppIcon;
				ASSETCATALOG_COMPILER_GLOBAL_ACCENT_COLOR_NAME = AccentColor;
				BASE_URL = "https://restcountries.com/v3.1/";
				CODE_SIGN_STYLE = Automatic;
				CURRENT_PROJECT_VERSION = 1;
				DEVELOPMENT_TEAM = S227WQK8X6;
				GENERATE_INFOPLIST_FILE = YES;
				INFOPLIST_FILE = "weecompany-exam/Info.plist";
				INFOPLIST_KEY_UIApplicationSupportsIndirectInputEvents = YES;
				INFOPLIST_KEY_UILaunchStoryboardName = LaunchScreen;
				INFOPLIST_KEY_UISupportedInterfaceOrientations_iPad = "UIInterfaceOrientationPortrait UIInterfaceOrientationPortraitUpsideDown UIInterfaceOrientationLandscapeLeft UIInterfaceOrientationLandscapeRight";
				INFOPLIST_KEY_UISupportedInterfaceOrientations_iPhone = "UIInterfaceOrientationPortrait UIInterfaceOrientationLandscapeLeft UIInterfaceOrientationLandscapeRight";
				LD_RUNPATH_SEARCH_PATHS = (
					"$(inherited)",
					"@executable_path/Frameworks",
				);
				MARKETING_VERSION = 1.0;
				PRODUCT_BUNDLE_IDENTIFIER = "victor.perez.weecompany-exam";
				PRODUCT_NAME = "$(TARGET_NAME)";
				SWIFT_EMIT_LOC_STRINGS = YES;
				SWIFT_VERSION = 5.0;
				TARGETED_DEVICE_FAMILY = "1,2";
			};
			name = Debug;
		};
		4120226B2BEFFBC10080E253 /* Release */ = {
			isa = XCBuildConfiguration;
			baseConfigurationReference = C0983A594B4D04720CF82A27 /* Pods-weecompany-exam.release.xcconfig */;
			buildSettings = {
				ASSETCATALOG_COMPILER_APPICON_NAME = AppIcon;
				ASSETCATALOG_COMPILER_GLOBAL_ACCENT_COLOR_NAME = AccentColor;
				BASE_URL = "https://restcountries.com/v3.1/";
				CODE_SIGN_STYLE = Automatic;
				CURRENT_PROJECT_VERSION = 1;
				DEVELOPMENT_TEAM = S227WQK8X6;
				GENERATE_INFOPLIST_FILE = YES;
				INFOPLIST_FILE = "weecompany-exam/Info.plist";
				INFOPLIST_KEY_UIApplicationSupportsIndirectInputEvents = YES;
				INFOPLIST_KEY_UILaunchStoryboardName = LaunchScreen;
				INFOPLIST_KEY_UISupportedInterfaceOrientations_iPad = "UIInterfaceOrientationPortrait UIInterfaceOrientationPortraitUpsideDown UIInterfaceOrientationLandscapeLeft UIInterfaceOrientationLandscapeRight";
				INFOPLIST_KEY_UISupportedInterfaceOrientations_iPhone = "UIInterfaceOrientationPortrait UIInterfaceOrientationLandscapeLeft UIInterfaceOrientationLandscapeRight";
				LD_RUNPATH_SEARCH_PATHS = (
					"$(inherited)",
					"@executable_path/Frameworks",
				);
				MARKETING_VERSION = 1.0;
				PRODUCT_BUNDLE_IDENTIFIER = "victor.perez.weecompany-exam";
				PRODUCT_NAME = "$(TARGET_NAME)";
				SWIFT_EMIT_LOC_STRINGS = YES;
				SWIFT_VERSION = 5.0;
				TARGETED_DEVICE_FAMILY = "1,2";
			};
			name = Release;
		};
/* End XCBuildConfiguration section */

/* Begin XCConfigurationList section */
		412022502BEFFBC10080E253 /* Build configuration list for PBXProject "weecompany-exam" */ = {
			isa = XCConfigurationList;
			buildConfigurations = (
				412022672BEFFBC10080E253 /* Debug */,
				412022682BEFFBC10080E253 /* Release */,
			);
			defaultConfigurationIsVisible = 0;
			defaultConfigurationName = Release;
		};
		412022692BEFFBC10080E253 /* Build configuration list for PBXNativeTarget "weecompany-exam" */ = {
			isa = XCConfigurationList;
			buildConfigurations = (
				4120226A2BEFFBC10080E253 /* Debug */,
				4120226B2BEFFBC10080E253 /* Release */,
			);
			defaultConfigurationIsVisible = 0;
			defaultConfigurationName = Release;
		};
/* End XCConfigurationList section */
	};
	rootObject = 4120224D2BEFFBC10080E253 /* Project object */;
}
